
Microsoft Visual Studio Solution File, Format Version 12.00
# Visual Studio Version 16
VisualStudioVersion = 16.0.31729.503
MinimumVisualStudioVersion = 10.0.40219.1
Project("{FAE04EC0-301F-11D3-BF4B-00C04F79EFBC}") = "Supercole", "Supercole.csproj", "{1D18CE9B-08F9-428B-BF6F-D4D7777810BD}"
EndProject
Global
	GlobalSection(SolutionConfigurationPlatforms) = preSolution
		Debug|Any CPU = Debug|Any CPU
		Release|Any CPU = Release|Any CPU
	EndGlobalSection
	GlobalSection(ProjectConfigurationPlatforms) = postSolution
		{1D18CE9B-08F9-428B-BF6F-D4D7777810BD}.Debug|Any CPU.ActiveCfg = Debug|Any CPU
		{1D18CE9B-08F9-428B-BF6F-D4D7777810BD}.Debug|Any CPU.Build.0 = Debug|Any CPU
		{1D18CE9B-08F9-428B-BF6F-D4D7777810BD}.Release|Any CPU.ActiveCfg = Release|Any CPU
		{1D18CE9B-08F9-428B-BF6F-D4D7777810BD}.Release|Any CPU.Build.0 = Release|Any CPU
	EndGlobalSection
	GlobalSection(SolutionProperties) = preSolution
		HideSolutionNode = FALSE
	EndGlobalSection
	GlobalSection(ExtensibilityGlobals) = postSolution
		SolutionGuid = {A2F76172-65CC-48D7-A405-883E5833ADB2}
	EndGlobalSection
EndGlobal
